
Microsoft Visual Studio Solution File, Format Version 12.00
# Visual Studio Version 17
VisualStudioVersion = 17.10.34928.147
MinimumVisualStudioVersion = 10.0.40219.1
Project("{FAE04EC0-301F-11D3-BF4B-00C04F79EFBC}") = "RapidProject.ConsoleApp", "RapidProject.ConsoleApp\RapidProject.ConsoleApp.csproj", "{83B86414-053B-43FA-912B-50214C096E21}"
EndProject
Global
	GlobalSection(SolutionConfigurationPlatforms) = preSolution
		Debug|Any CPU = Debug|Any CPU
		Release|Any CPU = Release|Any CPU
	EndGlobalSection
	GlobalSection(ProjectConfigurationPlatforms) = postSolution
		{83B86414-053B-43FA-912B-50214C096E21}.Debug|Any CPU.ActiveCfg = Debug|Any CPU
		{83B86414-053B-43FA-912B-50214C096E21}.Debug|Any CPU.Build.0 = Debug|Any CPU
		{83B86414-053B-43FA-912B-50214C096E21}.Release|Any CPU.ActiveCfg = Release|Any CPU
		{83B86414-053B-43FA-912B-50214C096E21}.Release|Any CPU.Build.0 = Release|Any CPU
	EndGlobalSection
	GlobalSection(SolutionProperties) = preSolution
		HideSolutionNode = FALSE
	EndGlobalSection
	GlobalSection(ExtensibilityGlobals) = postSolution
		SolutionGuid = {0BA3EAA6-59FE-40DD-9878-0B4F8B021178}
	EndGlobalSection
EndGlobal
